
Microsoft Visual Studio Solution File, Format Version 12.00
# Visual Studio Version 17
VisualStudioVersion = 17.11.35219.272
MinimumVisualStudioVersion = 10.0.40219.1
Project("{FAE04EC0-301F-11D3-BF4B-00C04F79EFBC}") = "Frontend", "Frontend.csproj", "{BF6CB675-3EBF-44C7-AA5F-E096AAB312A1}"
EndProject
Project("{FAE04EC0-301F-11D3-BF4B-00C04F79EFBC}") = "Frontend.Models", "..\Frontend.Models\Frontend.Models.csproj", "{0674F604-A68F-420A-935A-4CB07F2B88E8}"
EndProject
Project("{FAE04EC0-301F-11D3-BF4B-00C04F79EFBC}") = "Frontend.Logic", "..\Frontend.Logic\Frontend.Logic.csproj", "{11905547-4820-40B0-B05B-FCFB0E066DE1}"
EndProject
Global
	GlobalSection(SolutionConfigurationPlatforms) = preSolution
		Debug|Any CPU = Debug|Any CPU
		Release|Any CPU = Release|Any CPU
	EndGlobalSection
	GlobalSection(ProjectConfigurationPlatforms) = postSolution
		{BF6CB675-3EBF-44C7-AA5F-E096AAB312A1}.Debug|Any CPU.ActiveCfg = Debug|Any CPU
		{BF6CB675-3EBF-44C7-AA5F-E096AAB312A1}.Debug|Any CPU.Build.0 = Debug|Any CPU
		{BF6CB675-3EBF-44C7-AA5F-E096AAB312A1}.Release|Any CPU.ActiveCfg = Release|Any CPU
		{BF6CB675-3EBF-44C7-AA5F-E096AAB312A1}.Release|Any CPU.Build.0 = Release|Any CPU
		{0674F604-A68F-420A-935A-4CB07F2B88E8}.Debug|Any CPU.ActiveCfg = Debug|Any CPU
		{0674F604-A68F-420A-935A-4CB07F2B88E8}.Debug|Any CPU.Build.0 = Debug|Any CPU
		{0674F604-A68F-420A-935A-4CB07F2B88E8}.Release|Any CPU.ActiveCfg = Release|Any CPU
		{0674F604-A68F-420A-935A-4CB07F2B88E8}.Release|Any CPU.Build.0 = Release|Any CPU
		{11905547-4820-40B0-B05B-FCFB0E066DE1}.Debug|Any CPU.ActiveCfg = Debug|Any CPU
		{11905547-4820-40B0-B05B-FCFB0E066DE1}.Debug|Any CPU.Build.0 = Debug|Any CPU
		{11905547-4820-40B0-B05B-FCFB0E066DE1}.Release|Any CPU.ActiveCfg = Release|Any CPU
		{11905547-4820-40B0-B05B-FCFB0E066DE1}.Release|Any CPU.Build.0 = Release|Any CPU
	EndGlobalSection
	GlobalSection(SolutionProperties) = preSolution
		HideSolutionNode = FALSE
	EndGlobalSection
	GlobalSection(ExtensibilityGlobals) = postSolution
		SolutionGuid = {D86AFE9F-5BA1-4539-9359-96FE3FE84BD4}
	EndGlobalSection
EndGlobal
